
Microsoft Visual Studio Solution File, Format Version 12.00
# Visual Studio Version 16
VisualStudioVersion = 16.0.31424.327
MinimumVisualStudioVersion = 10.0.40219.1
Project("{FAE04EC0-301F-11D3-BF4B-00C04F79EFBC}") = "101_ACTDATAGRID_KELASC", "101_ACTDATAGRID_KELASC.csproj", "{CA1593BC-4C2C-448A-9345-A6B168C43B74}"
EndProject
Global
	GlobalSection(SolutionConfigurationPlatforms) = preSolution
		Debug|Any CPU = Debug|Any CPU
		Release|Any CPU = Release|Any CPU
	EndGlobalSection
	GlobalSection(ProjectConfigurationPlatforms) = postSolution
		{CA1593BC-4C2C-448A-9345-A6B168C43B74}.Debug|Any CPU.ActiveCfg = Debug|Any CPU
		{CA1593BC-4C2C-448A-9345-A6B168C43B74}.Debug|Any CPU.Build.0 = Debug|Any CPU
		{CA1593BC-4C2C-448A-9345-A6B168C43B74}.Release|Any CPU.ActiveCfg = Release|Any CPU
		{CA1593BC-4C2C-448A-9345-A6B168C43B74}.Release|Any CPU.Build.0 = Release|Any CPU
	EndGlobalSection
	GlobalSection(SolutionProperties) = preSolution
		HideSolutionNode = FALSE
	EndGlobalSection
	GlobalSection(ExtensibilityGlobals) = postSolution
		SolutionGuid = {E17C91EA-4063-4D25-9BA4-451253483D3C}
	EndGlobalSection
EndGlobal
